
Microsoft Visual Studio Solution File, Format Version 12.00
# Visual Studio Version 16
VisualStudioVersion = 16.0.30011.22
MinimumVisualStudioVersion = 10.0.40219.1
Project("{F184B08F-C81C-45F6-A57F-5ABD9991F28F}") = "Comic Convention", "Comic Convention.vbproj", "{8D1513C7-6342-4FE6-A4BD-4FD1A2BC8939}"
EndProject
Global
	GlobalSection(SolutionConfigurationPlatforms) = preSolution
		Debug|Any CPU = Debug|Any CPU
		Release|Any CPU = Release|Any CPU
	EndGlobalSection
	GlobalSection(ProjectConfigurationPlatforms) = postSolution
		{8D1513C7-6342-4FE6-A4BD-4FD1A2BC8939}.Debug|Any CPU.ActiveCfg = Debug|Any CPU
		{8D1513C7-6342-4FE6-A4BD-4FD1A2BC8939}.Debug|Any CPU.Build.0 = Debug|Any CPU
		{8D1513C7-6342-4FE6-A4BD-4FD1A2BC8939}.Release|Any CPU.ActiveCfg = Release|Any CPU
		{8D1513C7-6342-4FE6-A4BD-4FD1A2BC8939}.Release|Any CPU.Build.0 = Release|Any CPU
	EndGlobalSection
	GlobalSection(SolutionProperties) = preSolution
		HideSolutionNode = FALSE
	EndGlobalSection
	GlobalSection(ExtensibilityGlobals) = postSolution
		SolutionGuid = {D996C6C1-A2D8-4C2D-B137-92542334D22B}
	EndGlobalSection
EndGlobal
